
Microsoft Visual Studio Solution File, Format Version 12.00
# Visual Studio Version 17
VisualStudioVersion = 17.13.35828.75
MinimumVisualStudioVersion = 10.0.40219.1
Project("{FAE04EC0-301F-11D3-BF4B-00C04F79EFBC}") = "Connected.Customers.Service.Model", "src\Connected.Customers.Service.Model\Connected.Customers.Service.Model.csproj", "{CAC144CF-C13B-40D7-B420-8E0B5ACE9670}"
EndProject
Project("{2150E333-8FDC-42A3-9474-1A3956D46DE8}") = "Dependencies", "Dependencies", "{02EA681E-C7D8-13C7-8484-4AC65E1B71E8}"
EndProject
Project("{FAE04EC0-301F-11D3-BF4B-00C04F79EFBC}") = "Connected.Documents.Model", "..\Connected.Documents\src\Connected.Documents.Model\Connected.Documents.Model.csproj", "{611E417F-C95F-61D6-A44A-A3BED3AA5B61}"
EndProject
Project("{FAE04EC0-301F-11D3-BF4B-00C04F79EFBC}") = "Connected.Customers.Service.Tickets", "src\Connected.Customers.Service.Tickets\Connected.Customers.Service.Tickets.csproj", "{538EC2D5-C924-4002-AFEA-109D88692D69}"
EndProject
Project("{FAE04EC0-301F-11D3-BF4B-00C04F79EFBC}") = "Connected.Sdk", "..\Connected.Core\src\Connected.Sdk\Connected.Sdk.csproj", "{677BCFEC-B55D-E52D-8DB0-0969AB117483}"
EndProject
Project("{FAE04EC0-301F-11D3-BF4B-00C04F79EFBC}") = "Connected.Runtime", "..\Connected.Core\src\Connected.Runtime\Connected.Runtime.csproj", "{AF82CDF4-2279-5B20-D8E6-7980B0CBEB45}"
EndProject
Project("{FAE04EC0-301F-11D3-BF4B-00C04F79EFBC}") = "Connected.Documents.Extensions", "..\Connected.Documents\src\Connected.Documents.Extensions\Connected.Documents.Extensions.csproj", "{975ED164-EA76-7064-1DEE-000902B842FA}"
EndProject
Project("{FAE04EC0-301F-11D3-BF4B-00C04F79EFBC}") = "Connected.Core.Storage.Sql", "..\Connected.Core\src\Connected.Core.Storage.Sql\Connected.Core.Storage.Sql.csproj", "{72BDD0D9-7AC6-81EA-BC59-DEE7D0639515}"
EndProject
Project("{FAE04EC0-301F-11D3-BF4B-00C04F79EFBC}") = "Connected.Customers.Service.Desks", "src\Connected.Customers.Service.Desks\Connected.Customers.Service.Desks.csproj", "{AE6AE0AA-B870-4B67-80A0-EA4F4656D501}"
EndProject
Project("{FAE04EC0-301F-11D3-BF4B-00C04F79EFBC}") = "Connected.Core.Services.Extensions", "..\Connected.Core\src\Connected.Core.Services.Extensions\Connected.Core.Services.Extensions.csproj", "{1A2A4F05-49A2-F5D5-070F-8F6B789E0858}"
EndProject
Project("{FAE04EC0-301F-11D3-BF4B-00C04F79EFBC}") = "Connected.Core.Services", "..\Connected.Core\src\Connected.Core.Services\Connected.Core.Services.csproj", "{BE154559-CEBA-43D8-EFCA-AE331913C13F}"
EndProject
Project("{FAE04EC0-301F-11D3-BF4B-00C04F79EFBC}") = "TestClient", "src\TestClient\TestClient.csproj", "{746F07EF-1BC0-495B-97D6-E35F2F6075D2}"
EndProject
Project("{FAE04EC0-301F-11D3-BF4B-00C04F79EFBC}") = "Connected.Customers.Tests", "src\Connected.Customers.Tests\Connected.Customers.Tests.csproj", "{E4F36B40-36E9-4BEF-B188-042073E3F153}"
EndProject
Project("{FAE04EC0-301F-11D3-BF4B-00C04F79EFBC}") = "Connected.ServiceModel.Storage.Model", "..\Connected.ServiceModel\src\Connected.ServiceModel.Storage.Model\Connected.ServiceModel.Storage.Model.csproj", "{0539E7AE-796F-B38E-1A2B-06D87907FA39}"
EndProject
Project("{FAE04EC0-301F-11D3-BF4B-00C04F79EFBC}") = "Connected.Customers.Service.Tickets.Process", "src\Connected.Customers.Service.Tickets.Process\Connected.Customers.Service.Tickets.Process.csproj", "{FEBFAA5D-7D14-4294-8011-B0E273CE42C6}"
EndProject
Project("{FAE04EC0-301F-11D3-BF4B-00C04F79EFBC}") = "Connected.Customers.Service.Extensions", "src\Connected.Customers.Service.Extensions\Connected.Customers.Service.Extensions.csproj", "{887E59C2-AB48-46AE-8A4E-D4302F26AFCF}"
EndProject
Project("{FAE04EC0-301F-11D3-BF4B-00C04F79EFBC}") = "Connected.Core.Entities.Extensions", "..\Connected.Core\src\Connected.Core.Entities.Extensions\Connected.Core.Entities.Extensions.csproj", "{8C2DE0E3-AC84-AE07-26B5-66440C1BB012}"
EndProject
Project("{FAE04EC0-301F-11D3-BF4B-00C04F79EFBC}") = "Connected.Core.Membership.Extensions", "..\Connected.Core\src\Connected.Core.Membership.Extensions\Connected.Core.Membership.Extensions.csproj", "{938FAA94-1572-6827-2AE2-1EEE66CE5501}"
EndProject
Project("{FAE04EC0-301F-11D3-BF4B-00C04F79EFBC}") = "Connected.Customers.Service.Authorization", "src\Connected.Customers.Service.Authorization\Connected.Customers.Service.Authorization.csproj", "{EC6A467E-FEE5-30DE-DA72-106B7D559C9A}"
EndProject
Global
	GlobalSection(SolutionConfigurationPlatforms) = preSolution
		Debug|Any CPU = Debug|Any CPU
		Release|Any CPU = Release|Any CPU
	EndGlobalSection
	GlobalSection(ProjectConfigurationPlatforms) = postSolution
		{CAC144CF-C13B-40D7-B420-8E0B5ACE9670}.Debug|Any CPU.ActiveCfg = Debug|Any CPU
		{CAC144CF-C13B-40D7-B420-8E0B5ACE9670}.Debug|Any CPU.Build.0 = Debug|Any CPU
		{CAC144CF-C13B-40D7-B420-8E0B5ACE9670}.Release|Any CPU.ActiveCfg = Release|Any CPU
		{CAC144CF-C13B-40D7-B420-8E0B5ACE9670}.Release|Any CPU.Build.0 = Release|Any CPU
		{611E417F-C95F-61D6-A44A-A3BED3AA5B61}.Debug|Any CPU.ActiveCfg = Debug|Any CPU
		{611E417F-C95F-61D6-A44A-A3BED3AA5B61}.Debug|Any CPU.Build.0 = Debug|Any CPU
		{611E417F-C95F-61D6-A44A-A3BED3AA5B61}.Release|Any CPU.ActiveCfg = Release|Any CPU
		{611E417F-C95F-61D6-A44A-A3BED3AA5B61}.Release|Any CPU.Build.0 = Release|Any CPU
		{538EC2D5-C924-4002-AFEA-109D88692D69}.Debug|Any CPU.ActiveCfg = Debug|Any CPU
		{538EC2D5-C924-4002-AFEA-109D88692D69}.Debug|Any CPU.Build.0 = Debug|Any CPU
		{538EC2D5-C924-4002-AFEA-109D88692D69}.Release|Any CPU.ActiveCfg = Release|Any CPU
		{538EC2D5-C924-4002-AFEA-109D88692D69}.Release|Any CPU.Build.0 = Release|Any CPU
		{677BCFEC-B55D-E52D-8DB0-0969AB117483}.Debug|Any CPU.ActiveCfg = Debug|Any CPU
		{677BCFEC-B55D-E52D-8DB0-0969AB117483}.Debug|Any CPU.Build.0 = Debug|Any CPU
		{677BCFEC-B55D-E52D-8DB0-0969AB117483}.Release|Any CPU.ActiveCfg = Release|Any CPU
		{677BCFEC-B55D-E52D-8DB0-0969AB117483}.Release|Any CPU.Build.0 = Release|Any CPU
		{AF82CDF4-2279-5B20-D8E6-7980B0CBEB45}.Debug|Any CPU.ActiveCfg = Debug|Any CPU
		{AF82CDF4-2279-5B20-D8E6-7980B0CBEB45}.Debug|Any CPU.Build.0 = Debug|Any CPU
		{AF82CDF4-2279-5B20-D8E6-7980B0CBEB45}.Release|Any CPU.ActiveCfg = Release|Any CPU
		{AF82CDF4-2279-5B20-D8E6-7980B0CBEB45}.Release|Any CPU.Build.0 = Release|Any CPU
		{975ED164-EA76-7064-1DEE-000902B842FA}.Debug|Any CPU.ActiveCfg = Debug|Any CPU
		{975ED164-EA76-7064-1DEE-000902B842FA}.Debug|Any CPU.Build.0 = Debug|Any CPU
		{975ED164-EA76-7064-1DEE-000902B842FA}.Release|Any CPU.ActiveCfg = Release|Any CPU
		{975ED164-EA76-7064-1DEE-000902B842FA}.Release|Any CPU.Build.0 = Release|Any CPU
		{72BDD0D9-7AC6-81EA-BC59-DEE7D0639515}.Debug|Any CPU.ActiveCfg = Debug|Any CPU
		{72BDD0D9-7AC6-81EA-BC59-DEE7D0639515}.Debug|Any CPU.Build.0 = Debug|Any CPU
		{72BDD0D9-7AC6-81EA-BC59-DEE7D0639515}.Release|Any CPU.ActiveCfg = Release|Any CPU
		{72BDD0D9-7AC6-81EA-BC59-DEE7D0639515}.Release|Any CPU.Build.0 = Release|Any CPU
		{AE6AE0AA-B870-4B67-80A0-EA4F4656D501}.Debug|Any CPU.ActiveCfg = Debug|Any CPU
		{AE6AE0AA-B870-4B67-80A0-EA4F4656D501}.Debug|Any CPU.Build.0 = Debug|Any CPU
		{AE6AE0AA-B870-4B67-80A0-EA4F4656D501}.Release|Any CPU.ActiveCfg = Release|Any CPU
		{AE6AE0AA-B870-4B67-80A0-EA4F4656D501}.Release|Any CPU.Build.0 = Release|Any CPU
		{1A2A4F05-49A2-F5D5-070F-8F6B789E0858}.Debug|Any CPU.ActiveCfg = Debug|Any CPU
		{1A2A4F05-49A2-F5D5-070F-8F6B789E0858}.Debug|Any CPU.Build.0 = Debug|Any CPU
		{1A2A4F05-49A2-F5D5-070F-8F6B789E0858}.Release|Any CPU.ActiveCfg = Release|Any CPU
		{1A2A4F05-49A2-F5D5-070F-8F6B789E0858}.Release|Any CPU.Build.0 = Release|Any CPU
		{BE154559-CEBA-43D8-EFCA-AE331913C13F}.Debug|Any CPU.ActiveCfg = Debug|Any CPU
		{BE154559-CEBA-43D8-EFCA-AE331913C13F}.Debug|Any CPU.Build.0 = Debug|Any CPU
		{BE154559-CEBA-43D8-EFCA-AE331913C13F}.Release|Any CPU.ActiveCfg = Release|Any CPU
		{BE154559-CEBA-43D8-EFCA-AE331913C13F}.Release|Any CPU.Build.0 = Release|Any CPU
		{746F07EF-1BC0-495B-97D6-E35F2F6075D2}.Debug|Any CPU.ActiveCfg = Debug|Any CPU
		{746F07EF-1BC0-495B-97D6-E35F2F6075D2}.Debug|Any CPU.Build.0 = Debug|Any CPU
		{746F07EF-1BC0-495B-97D6-E35F2F6075D2}.Release|Any CPU.ActiveCfg = Release|Any CPU
		{746F07EF-1BC0-495B-97D6-E35F2F6075D2}.Release|Any CPU.Build.0 = Release|Any CPU
		{E4F36B40-36E9-4BEF-B188-042073E3F153}.Debug|Any CPU.ActiveCfg = Debug|Any CPU
		{E4F36B40-36E9-4BEF-B188-042073E3F153}.Debug|Any CPU.Build.0 = Debug|Any CPU
		{E4F36B40-36E9-4BEF-B188-042073E3F153}.Release|Any CPU.ActiveCfg = Release|Any CPU
		{E4F36B40-36E9-4BEF-B188-042073E3F153}.Release|Any CPU.Build.0 = Release|Any CPU
		{0539E7AE-796F-B38E-1A2B-06D87907FA39}.Debug|Any CPU.ActiveCfg = Debug|Any CPU
		{0539E7AE-796F-B38E-1A2B-06D87907FA39}.Debug|Any CPU.Build.0 = Debug|Any CPU
		{0539E7AE-796F-B38E-1A2B-06D87907FA39}.Release|Any CPU.ActiveCfg = Release|Any CPU
		{0539E7AE-796F-B38E-1A2B-06D87907FA39}.Release|Any CPU.Build.0 = Release|Any CPU
		{FEBFAA5D-7D14-4294-8011-B0E273CE42C6}.Debug|Any CPU.ActiveCfg = Debug|Any CPU
		{FEBFAA5D-7D14-4294-8011-B0E273CE42C6}.Debug|Any CPU.Build.0 = Debug|Any CPU
		{FEBFAA5D-7D14-4294-8011-B0E273CE42C6}.Release|Any CPU.ActiveCfg = Release|Any CPU
		{FEBFAA5D-7D14-4294-8011-B0E273CE42C6}.Release|Any CPU.Build.0 = Release|Any CPU
		{887E59C2-AB48-46AE-8A4E-D4302F26AFCF}.Debug|Any CPU.ActiveCfg = Debug|Any CPU
		{887E59C2-AB48-46AE-8A4E-D4302F26AFCF}.Debug|Any CPU.Build.0 = Debug|Any CPU
		{887E59C2-AB48-46AE-8A4E-D4302F26AFCF}.Release|Any CPU.ActiveCfg = Release|Any CPU
		{887E59C2-AB48-46AE-8A4E-D4302F26AFCF}.Release|Any CPU.Build.0 = Release|Any CPU
		{8C2DE0E3-AC84-AE07-26B5-66440C1BB012}.Debug|Any CPU.ActiveCfg = Debug|Any CPU
		{8C2DE0E3-AC84-AE07-26B5-66440C1BB012}.Debug|Any CPU.Build.0 = Debug|Any CPU
		{8C2DE0E3-AC84-AE07-26B5-66440C1BB012}.Release|Any CPU.ActiveCfg = Release|Any CPU
		{8C2DE0E3-AC84-AE07-26B5-66440C1BB012}.Release|Any CPU.Build.0 = Release|Any CPU
		{938FAA94-1572-6827-2AE2-1EEE66CE5501}.Debug|Any CPU.ActiveCfg = Debug|Any CPU
		{938FAA94-1572-6827-2AE2-1EEE66CE5501}.Debug|Any CPU.Build.0 = Debug|Any CPU
		{938FAA94-1572-6827-2AE2-1EEE66CE5501}.Release|Any CPU.ActiveCfg = Release|Any CPU
		{938FAA94-1572-6827-2AE2-1EEE66CE5501}.Release|Any CPU.Build.0 = Release|Any CPU
		{EC6A467E-FEE5-30DE-DA72-106B7D559C9A}.Debug|Any CPU.ActiveCfg = Debug|Any CPU
		{EC6A467E-FEE5-30DE-DA72-106B7D559C9A}.Debug|Any CPU.Build.0 = Debug|Any CPU
		{EC6A467E-FEE5-30DE-DA72-106B7D559C9A}.Release|Any CPU.ActiveCfg = Release|Any CPU
		{EC6A467E-FEE5-30DE-DA72-106B7D559C9A}.Release|Any CPU.Build.0 = Release|Any CPU
	EndGlobalSection
	GlobalSection(SolutionProperties) = preSolution
		HideSolutionNode = FALSE
	EndGlobalSection
	GlobalSection(NestedProjects) = preSolution
		{611E417F-C95F-61D6-A44A-A3BED3AA5B61} = {02EA681E-C7D8-13C7-8484-4AC65E1B71E8}
		{677BCFEC-B55D-E52D-8DB0-0969AB117483} = {02EA681E-C7D8-13C7-8484-4AC65E1B71E8}
		{AF82CDF4-2279-5B20-D8E6-7980B0CBEB45} = {02EA681E-C7D8-13C7-8484-4AC65E1B71E8}
		{975ED164-EA76-7064-1DEE-000902B842FA} = {02EA681E-C7D8-13C7-8484-4AC65E1B71E8}
		{72BDD0D9-7AC6-81EA-BC59-DEE7D0639515} = {02EA681E-C7D8-13C7-8484-4AC65E1B71E8}
		{1A2A4F05-49A2-F5D5-070F-8F6B789E0858} = {02EA681E-C7D8-13C7-8484-4AC65E1B71E8}
		{BE154559-CEBA-43D8-EFCA-AE331913C13F} = {02EA681E-C7D8-13C7-8484-4AC65E1B71E8}
		{0539E7AE-796F-B38E-1A2B-06D87907FA39} = {02EA681E-C7D8-13C7-8484-4AC65E1B71E8}
		{8C2DE0E3-AC84-AE07-26B5-66440C1BB012} = {02EA681E-C7D8-13C7-8484-4AC65E1B71E8}
		{938FAA94-1572-6827-2AE2-1EEE66CE5501} = {02EA681E-C7D8-13C7-8484-4AC65E1B71E8}
	EndGlobalSection
	GlobalSection(ExtensibilityGlobals) = postSolution
		SolutionGuid = {D94039FD-ED38-4BF2-A2DD-CC16B7DE2E52}
	EndGlobalSection
EndGlobal
